PODS:
  - ReachabilitySwift (5.0.0)
  - RxCocoa (6.2.0):
    - RxRelay (= 6.2.0)
    - RxSwift (= 6.2.0)
  - RxRelay (6.2.0):
    - RxSwift (= 6.2.0)
  - RxSwift (6.2.0)
  - SDWebImage (5.12.1):
    - SDWebImage/Core (= 5.12.1)
  - SDWebImage/Core (5.12.1)
  - youtube-ios-player-helper (1.0.3)

DEPENDENCIES:
  - ReachabilitySwift
  - RxCocoa
  - RxSwift
  - SDWebImage
  - youtube-ios-player-helper

SPEC REPOS:
  trunk:
    - ReachabilitySwift
    - RxCocoa
    - RxRelay
    - RxSwift
    - SDWebImage
    - youtube-ios-player-helper

SPEC CHECKSUMS:
  ReachabilitySwift: 985039c6f7b23a1da463388634119492ff86c825
  RxCocoa: 4baf94bb35f2c0ab31bc0cb9f1900155f646ba42
  RxRelay: e72dbfd157807478401ef1982e1c61c945c94b2f
  RxSwift: d356ab7bee873611322f134c5f9ef379fa183d8f
  SDWebImage: 4dc3e42d9ec0c1028b960a33ac6b637bb432207b
  youtube-ios-player-helper: 0185c57db23c80d63d6ca11251d110abb8a4ca61

PODFILE CHECKSUM: 2868737adbdf61f2c486157e3187c612927203dd

COCOAPODS: 1.11.2
