// !$*UTF8*$!
{
	archiveVersion = 1;
	classes = {
	};
	objectVersion = 55;
	objects = {

/* Begin PBXBuildFile section */
		05B4E8FF483FE28FE3AC1E2A /* Pods_iMoviesTests.framework in Frameworks */ = {isa = PBXBuildFile; fileRef = ECF1ACB79D77FDCF9098A086 /* Pods_iMoviesTests.framework */; };
		626BCEF6C40E3B721B477BD9 /* Pods_iMovies_iMoviesUITests.framework in Frameworks */ = {isa = PBXBuildFile; fileRef = 669DCA7F6A44D4F660916B08 /* Pods_iMovies_iMoviesUITests.framework */; };
		6A74C8C22740401F00376CDA /* AppDelegate.swift in Sources */ = {isa = PBXBuildFile; fileRef = 6A74C8C12740401F00376CDA /* AppDelegate.swift */; };
		6A74C8C42740401F00376CDA /* SceneDelegate.swift in Sources */ = {isa = PBXBuildFile; fileRef = 6A74C8C32740401F00376CDA /* SceneDelegate.swift */; };
		6A74C8CB2740402000376CDA /* Assets.xcassets in Resources */ = {isa = PBXBuildFile; fileRef = 6A74C8CA2740402000376CDA /* Assets.xcassets */; };
		6A74C8CE2740402000376CDA /* LaunchScreen.storyboard in Resources */ = {isa = PBXBuildFile; fileRef = 6A74C8CC2740402000376CDA /* LaunchScreen.storyboard */; };
		6A74C8D92740402000376CDA /* iMoviesTests.swift in Sources */ = {isa = PBXBuildFile; fileRef = 6A74C8D82740402000376CDA /* iMoviesTests.swift */; };
		6A74C8E32740402000376CDA /* iMoviesUITests.swift in Sources */ = {isa = PBXBuildFile; fileRef = 6A74C8E22740402000376CDA /* iMoviesUITests.swift */; };
		6A74C8E52740402000376CDA /* iMoviesUITestsLaunchTests.swift in Sources */ = {isa = PBXBuildFile; fileRef = 6A74C8E42740402000376CDA /* iMoviesUITestsLaunchTests.swift */; };
		6A74C8FA2740429300376CDA /* HomeView.swift in Sources */ = {isa = PBXBuildFile; fileRef = 6A74C8F82740429300376CDA /* HomeView.swift */; };
		6A74C8FB2740429300376CDA /* HomeView.xib in Resources */ = {isa = PBXBuildFile; fileRef = 6A74C8F92740429300376CDA /* HomeView.xib */; };
		6A74C8FE2740431500376CDA /* HomeRouter.swift in Sources */ = {isa = PBXBuildFile; fileRef = 6A74C8FD2740431500376CDA /* HomeRouter.swift */; };
		6A74C9022740448000376CDA /* HomeViewModel.swift in Sources */ = {isa = PBXBuildFile; fileRef = 6A74C9012740448000376CDA /* HomeViewModel.swift */; };
		6A9D2D812740508C00A6E09A /* MovieServiceProtocol.swift in Sources */ = {isa = PBXBuildFile; fileRef = 6A9D2D802740508C00A6E09A /* MovieServiceProtocol.swift */; };
		6A9D2D83274050C100A6E09A /* Movie.swift in Sources */ = {isa = PBXBuildFile; fileRef = 6A9D2D82274050C100A6E09A /* Movie.swift */; };
		6A9D2D852740512100A6E09A /* MovieService.swift in Sources */ = {isa = PBXBuildFile; fileRef = 6A9D2D842740512100A6E09A /* MovieService.swift */; };
		6A9D2D882740518300A6E09A /* Utils.swift in Sources */ = {isa = PBXBuildFile; fileRef = 6A9D2D872740518300A6E09A /* Utils.swift */; };
		94365BCE94CA34E9CDD74549 /* Pods_iMovies.framework in Frameworks */ = {isa = PBXBuildFile; fileRef = 1DA08F0633628FBF7E24B121 /* Pods_iMovies.framework */; };
/* End PBXBuildFile section */

/* Begin PBXContainerItemProxy section */
		6A74C8D52740402000376CDA /* PBXContainerItemProxy */ = {
			isa = PBXContainerItemProxy;
			containerPortal = 6A74C8B62740401F00376CDA /* Project object */;
			proxyType = 1;
			remoteGlobalIDString = 6A74C8BD2740401F00376CDA;
			remoteInfo = iMovies;
		};
		6A74C8DF2740402000376CDA /* PBXContainerItemProxy */ = {
			isa = PBXContainerItemProxy;
			containerPortal = 6A74C8B62740401F00376CDA /* Project object */;
			proxyType = 1;
			remoteGlobalIDString = 6A74C8BD2740401F00376CDA;
			remoteInfo = iMovies;
		};
/* End PBXContainerItemProxy section */

/* Begin PBXFileReference section */
		1DA08F0633628FBF7E24B121 /* Pods_iMovies.framework */ = {isa = PBXFileReference; explicitFileType = wrapper.framework; includeInIndex = 0; path = Pods_iMovies.framework; sourceTree = BUILT_PRODUCTS_DIR; };
		52447EF268C697575307615A /* Pods-iMoviesTests.release.xcconfig */ = {isa = PBXFileReference; includeInIndex = 1; lastKnownFileType = text.xcconfig; name = "Pods-iMoviesTests.release.xcconfig"; path = "Target Support Files/Pods-iMoviesTests/Pods-iMoviesTests.release.xcconfig"; sourceTree = "<group>"; };
		635B680A81E85ECAA15CB09A /* Pods-iMovies.release.xcconfig */ = {isa = PBXFileReference; includeInIndex = 1; lastKnownFileType = text.xcconfig; name = "Pods-iMovies.release.xcconfig"; path = "Target Support Files/Pods-iMovies/Pods-iMovies.release.xcconfig"; sourceTree = "<group>"; };
		669DCA7F6A44D4F660916B08 /* Pods_iMovies_iMoviesUITests.framework */ = {isa = PBXFileReference; explicitFileType = wrapper.framework; includeInIndex = 0; path = Pods_iMovies_iMoviesUITests.framework; sourceTree = BUILT_PRODUCTS_DIR; };
		6A74C8BE2740401F00376CDA /* iMovies.app */ = {isa = PBXFileReference; explicitFileType = wrapper.application; includeInIndex = 0; path = iMovies.app; sourceTree = BUILT_PRODUCTS_DIR; };
		6A74C8C12740401F00376CDA /* AppDelegate.swift */ = {isa = PBXFileReference; lastKnownFileType = sourcecode.swift; path = AppDelegate.swift; sourceTree = "<group>"; };
		6A74C8C32740401F00376CDA /* SceneDelegate.swift */ = {isa = PBXFileReference; lastKnownFileType = sourcecode.swift; path = SceneDelegate.swift; sourceTree = "<group>"; };
		6A74C8CA2740402000376CDA /* Assets.xcassets */ = {isa = PBXFileReference; lastKnownFileType = folder.assetcatalog; path = Assets.xcassets; sourceTree = "<group>"; };
		6A74C8CD2740402000376CDA /* Base */ = {isa = PBXFileReference; lastKnownFileType = file.storyboard; name = Base; path = Base.lproj/LaunchScreen.storyboard; sourceTree = "<group>"; };
		6A74C8CF2740402000376CDA /* Info.plist */ = {isa = PBXFileReference; lastKnownFileType = text.plist.xml; path = Info.plist; sourceTree = "<group>"; };
		6A74C8D42740402000376CDA /* iMoviesTests.xctest */ = {isa = PBXFileReference; explicitFileType = wrapper.cfbundle; includeInIndex = 0; path = iMoviesTests.xctest; sourceTree = BUILT_PRODUCTS_DIR; };
		6A74C8D82740402000376CDA /* iMoviesTests.swift */ = {isa = PBXFileReference; lastKnownFileType = sourcecode.swift; path = iMoviesTests.swift; sourceTree = "<group>"; };
		6A74C8DE2740402000376CDA /* iMoviesUITests.xctest */ = {isa = PBXFileReference; explicitFileType = wrapper.cfbundle; includeInIndex = 0; path = iMoviesUITests.xctest; sourceTree = BUILT_PRODUCTS_DIR; };
		6A74C8E22740402000376CDA /* iMoviesUITests.swift */ = {isa = PBXFileReference; lastKnownFileType = sourcecode.swift; path = iMoviesUITests.swift; sourceTree = "<group>"; };
		6A74C8E42740402000376CDA /* iMoviesUITestsLaunchTests.swift */ = {isa = PBXFileReference; lastKnownFileType = sourcecode.swift; path = iMoviesUITestsLaunchTests.swift; sourceTree = "<group>"; };
		6A74C8F82740429300376CDA /* HomeView.swift */ = {isa = PBXFileReference; lastKnownFileType = sourcecode.swift; path = HomeView.swift; sourceTree = "<group>"; };
		6A74C8F92740429300376CDA /* HomeView.xib */ = {isa = PBXFileReference; lastKnownFileType = file.xib; path = HomeView.xib; sourceTree = "<group>"; };
		6A74C8FD2740431500376CDA /* HomeRouter.swift */ = {isa = PBXFileReference; lastKnownFileType = sourcecode.swift; path = HomeRouter.swift; sourceTree = "<group>"; };
		6A74C9012740448000376CDA /* HomeViewModel.swift */ = {isa = PBXFileReference; lastKnownFileType = sourcecode.swift; path = HomeViewModel.swift; sourceTree = "<group>"; };
		6A9D2D802740508C00A6E09A /* MovieServiceProtocol.swift */ = {isa = PBXFileReference; lastKnownFileType = sourcecode.swift; path = MovieServiceProtocol.swift; sourceTree = "<group>"; };
		6A9D2D82274050C100A6E09A /* Movie.swift */ = {isa = PBXFileReference; lastKnownFileType = sourcecode.swift; path = Movie.swift; sourceTree = "<group>"; };
		6A9D2D842740512100A6E09A /* MovieService.swift */ = {isa = PBXFileReference; lastKnownFileType = sourcecode.swift; path = MovieService.swift; sourceTree = "<group>"; };
		6A9D2D872740518300A6E09A /* Utils.swift */ = {isa = PBXFileReference; lastKnownFileType = sourcecode.swift; path = Utils.swift; sourceTree = "<group>"; };
		6B58B272317DDD29B08334D1 /* Pods-iMovies.debug.xcconfig */ = {isa = PBXFileReference; includeInIndex = 1; lastKnownFileType = text.xcconfig; name = "Pods-iMovies.debug.xcconfig"; path = "Target Support Files/Pods-iMovies/Pods-iMovies.debug.xcconfig"; sourceTree = "<group>"; };
		AE19E05F34F61E36C0A5D6C2 /* Pods-iMovies-iMoviesUITests.debug.xcconfig */ = {isa = PBXFileReference; includeInIndex = 1; lastKnownFileType = text.xcconfig; name = "Pods-iMovies-iMoviesUITests.debug.xcconfig"; path = "Target Support Files/Pods-iMovies-iMoviesUITests/Pods-iMovies-iMoviesUITests.debug.xcconfig"; sourceTree = "<group>"; };
		BC56969CEBCCC57268C7DA9B /* Pods-iMoviesTests.debug.xcconfig */ = {isa = PBXFileReference; includeInIndex = 1; lastKnownFileType = text.xcconfig; name = "Pods-iMoviesTests.debug.xcconfig"; path = "Target Support Files/Pods-iMoviesTests/Pods-iMoviesTests.debug.xcconfig"; sourceTree = "<group>"; };
		E1A12D6C1E22C771F4852A92 /* Pods-iMovies-iMoviesUITests.release.xcconfig */ = {isa = PBXFileReference; includeInIndex = 1; lastKnownFileType = text.xcconfig; name = "Pods-iMovies-iMoviesUITests.release.xcconfig"; path = "Target Support Files/Pods-iMovies-iMoviesUITests/Pods-iMovies-iMoviesUITests.release.xcconfig"; sourceTree = "<group>"; };
		ECF1ACB79D77FDCF9098A086 /* Pods_iMoviesTests.framework */ = {isa = PBXFileReference; explicitFileType = wrapper.framework; includeInIndex = 0; path = Pods_iMoviesTests.framework; sourceTree = BUILT_PRODUCTS_DIR; };
/* End PBXFileReference section */

/* Begin PBXFrameworksBuildPhase section */
		6A74C8BB2740401F00376CDA /* Frameworks */ = {
			isa = PBXFrameworksBuildPhase;
			buildActionMask = 2147483647;
			files = (
				94365BCE94CA34E9CDD74549 /* Pods_iMovies.framework in Frameworks */,
			);
			runOnlyForDeploymentPostprocessing = 0;
		};
		6A74C8D12740402000376CDA /* Frameworks */ = {
			isa = PBXFrameworksBuildPhase;
			buildActionMask = 2147483647;
			files = (
				05B4E8FF483FE28FE3AC1E2A /* Pods_iMoviesTests.framework in Frameworks */,
			);
			runOnlyForDeploymentPostprocessing = 0;
		};
		6A74C8DB2740402000376CDA /* Frameworks */ = {
			isa = PBXFrameworksBuildPhase;
			buildActionMask = 2147483647;
			files = (
				626BCEF6C40E3B721B477BD9 /* Pods_iMovies_iMoviesUITests.framework in Frameworks */,
			);
			runOnlyForDeploymentPostprocessing = 0;
		};
/* End PBXFrameworksBuildPhase section */

/* Begin PBXGroup section */
		6A74C8B52740401F00376CDA = {
			isa = PBXGroup;
			children = (
				6A74C8C02740401F00376CDA /* iMovies */,
				6A74C8D72740402000376CDA /* iMoviesTests */,
				6A74C8E12740402000376CDA /* iMoviesUITests */,
				6A74C8BF2740401F00376CDA /* Products */,
				73F1DD8A633612C8A1FAE238 /* Pods */,
				E00EF91A488FD70AB0D88E75 /* Frameworks */,
			);
			sourceTree = "<group>";
		};
		6A74C8BF2740401F00376CDA /* Products */ = {
			isa = PBXGroup;
			children = (
				6A74C8BE2740401F00376CDA /* iMovies.app */,
				6A74C8D42740402000376CDA /* iMoviesTests.xctest */,
				6A74C8DE2740402000376CDA /* iMoviesUITests.xctest */,
			);
			name = Products;
			sourceTree = "<group>";
		};
		6A74C8C02740401F00376CDA /* iMovies */ = {
			isa = PBXGroup;
			children = (
				6A74C8F4274040F600376CDA /* Detail */,
				6A74C8F3274040DB00376CDA /* Home */,
				6A9D2D7F2740505A00A6E09A /* Services */,
				6A9D2D862740516F00A6E09A /* Resources */,
				6A74C8F2274040CC00376CDA /* Default */,
			);
			path = iMovies;
			sourceTree = "<group>";
		};
		6A74C8D72740402000376CDA /* iMoviesTests */ = {
			isa = PBXGroup;
			children = (
				6A74C8D82740402000376CDA /* iMoviesTests.swift */,
			);
			path = iMoviesTests;
			sourceTree = "<group>";
		};
		6A74C8E12740402000376CDA /* iMoviesUITests */ = {
			isa = PBXGroup;
			children = (
				6A74C8E22740402000376CDA /* iMoviesUITests.swift */,
				6A74C8E42740402000376CDA /* iMoviesUITestsLaunchTests.swift */,
			);
			path = iMoviesUITests;
			sourceTree = "<group>";
		};
		6A74C8F2274040CC00376CDA /* Default */ = {
			isa = PBXGroup;
			children = (
				6A74C8C12740401F00376CDA /* AppDelegate.swift */,
				6A74C8C32740401F00376CDA /* SceneDelegate.swift */,
				6A74C8CA2740402000376CDA /* Assets.xcassets */,
				6A74C8CC2740402000376CDA /* LaunchScreen.storyboard */,
				6A74C8CF2740402000376CDA /* Info.plist */,
			);
			name = Default;
			sourceTree = "<group>";
		};
		6A74C8F3274040DB00376CDA /* Home */ = {
			isa = PBXGroup;
			children = (
				6A74C9002740445300376CDA /* Model */,
				6A74C8F72740423E00376CDA /* View */,
				6A74C8FF2740443C00376CDA /* ViewModel */,
				6A74C8FC274042EE00376CDA /* Router */,
			);
			path = Home;
			sourceTree = "<group>";
		};
		6A74C8F4274040F600376CDA /* Detail */ = {
			isa = PBXGroup;
			children = (
			);
			path = Detail;
			sourceTree = "<group>";
		};
		6A74C8F72740423E00376CDA /* View */ = {
			isa = PBXGroup;
			children = (
				6A74C8F82740429300376CDA /* HomeView.swift */,
				6A74C8F92740429300376CDA /* HomeView.xib */,
			);
			path = View;
			sourceTree = "<group>";
		};
		6A74C8FC274042EE00376CDA /* Router */ = {
			isa = PBXGroup;
			children = (
				6A74C8FD2740431500376CDA /* HomeRouter.swift */,
			);
			path = Router;
			sourceTree = "<group>";
		};
		6A74C8FF2740443C00376CDA /* ViewModel */ = {
			isa = PBXGroup;
			children = (
				6A74C9012740448000376CDA /* HomeViewModel.swift */,
			);
			path = ViewModel;
			sourceTree = "<group>";
		};
		6A74C9002740445300376CDA /* Model */ = {
			isa = PBXGroup;
			children = (
				6A9D2D82274050C100A6E09A /* Movie.swift */,
			);
			path = Model;
			sourceTree = "<group>";
		};
		6A9D2D7F2740505A00A6E09A /* Services */ = {
			isa = PBXGroup;
			children = (
				6A9D2D802740508C00A6E09A /* MovieServiceProtocol.swift */,
				6A9D2D842740512100A6E09A /* MovieService.swift */,
			);
			path = Services;
			sourceTree = "<group>";
		};
		6A9D2D862740516F00A6E09A /* Resources */ = {
			isa = PBXGroup;
			children = (
				6A9D2D872740518300A6E09A /* Utils.swift */,
			);
			path = Resources;
			sourceTree = "<group>";
		};
		73F1DD8A633612C8A1FAE238 /* Pods */ = {
			isa = PBXGroup;
			children = (
				6B58B272317DDD29B08334D1 /* Pods-iMovies.debug.xcconfig */,
				635B680A81E85ECAA15CB09A /* Pods-iMovies.release.xcconfig */,
				AE19E05F34F61E36C0A5D6C2 /* Pods-iMovies-iMoviesUITests.debug.xcconfig */,
				E1A12D6C1E22C771F4852A92 /* Pods-iMovies-iMoviesUITests.release.xcconfig */,
				BC56969CEBCCC57268C7DA9B /* Pods-iMoviesTests.debug.xcconfig */,
				52447EF268C697575307615A /* Pods-iMoviesTests.release.xcconfig */,
			);
			name = Pods;
			path = Pods;
			sourceTree = "<group>";
		};
		E00EF91A488FD70AB0D88E75 /* Frameworks */ = {
			isa = PBXGroup;
			children = (
				1DA08F0633628FBF7E24B121 /* Pods_iMovies.framework */,
				669DCA7F6A44D4F660916B08 /* Pods_iMovies_iMoviesUITests.framework */,
				ECF1ACB79D77FDCF9098A086 /* Pods_iMoviesTests.framework */,
			);
			name = Frameworks;
			sourceTree = "<group>";
		};
/* End PBXGroup section */

/* Begin PBXNativeTarget section */
		6A74C8BD2740401F00376CDA /* iMovies */ = {
			isa = PBXNativeTarget;
			buildConfigurationList = 6A74C8E82740402000376CDA /* Build configuration list for PBXNativeTarget "iMovies" */;
			buildPhases = (
				774886E5CB8F913244A44B43 /* [CP] Check Pods Manifest.lock */,
				6A74C8BA2740401F00376CDA /* Sources */,
				6A74C8BB2740401F00376CDA /* Frameworks */,
				6A74C8BC2740401F00376CDA /* Resources */,
				8ECF501B1C9B5F41C8FB9F87 /* [CP] Embed Pods Frameworks */,
			);
			buildRules = (
			);
			dependencies = (
			);
			name = iMovies;
			productName = iMovies;
			productReference = 6A74C8BE2740401F00376CDA /* iMovies.app */;
			productType = "com.apple.product-type.application";
		};
		6A74C8D32740402000376CDA /* iMoviesTests */ = {
			isa = PBXNativeTarget;
			buildConfigurationList = 6A74C8EB2740402000376CDA /* Build configuration list for PBXNativeTarget "iMoviesTests" */;
			buildPhases = (
				A116C78AB56376CEAC0FA61C /* [CP] Check Pods Manifest.lock */,
				6A74C8D02740402000376CDA /* Sources */,
				6A74C8D12740402000376CDA /* Frameworks */,
				6A74C8D22740402000376CDA /* Resources */,
			);
			buildRules = (
			);
			dependencies = (
				6A74C8D62740402000376CDA /* PBXTargetDependency */,
			);
			name = iMoviesTests;
			productName = iMoviesTests;
			productReference = 6A74C8D42740402000376CDA /* iMoviesTests.xctest */;
			productType = "com.apple.product-type.bundle.unit-test";
		};
		6A74C8DD2740402000376CDA /* iMoviesUITests */ = {
			isa = PBXNativeTarget;
			buildConfigurationList = 6A74C8EE2740402000376CDA /* Build configuration list for PBXNativeTarget "iMoviesUITests" */;
			buildPhases = (
				FF781049E01A258DAA555200 /* [CP] Check Pods Manifest.lock */,
				6A74C8DA2740402000376CDA /* Sources */,
				6A74C8DB2740402000376CDA /* Frameworks */,
				6A74C8DC2740402000376CDA /* Resources */,
				8D64D93F103F6E1E0428C25E /* [CP] Embed Pods Frameworks */,
			);
			buildRules = (
			);
			dependencies = (
				6A74C8E02740402000376CDA /* PBXTargetDependency */,
			);
			name = iMoviesUITests;
			productName = iMoviesUITests;
			productReference = 6A74C8DE2740402000376CDA /* iMoviesUITests.xctest */;
			productType = "com.apple.product-type.bundle.ui-testing";
		};
/* End PBXNativeTarget section */

/* Begin PBXProject section */
		6A74C8B62740401F00376CDA /* Project object */ = {
			isa = PBXProject;
			attributes = {
				BuildIndependentTargetsInParallel = 1;
				LastSwiftUpdateCheck = 1310;
				LastUpgradeCheck = 1310;
				TargetAttributes = {
					6A74C8BD2740401F00376CDA = {
						CreatedOnToolsVersion = 13.1;
					};
					6A74C8D32740402000376CDA = {
						CreatedOnToolsVersion = 13.1;
						TestTargetID = 6A74C8BD2740401F00376CDA;
					};
					6A74C8DD2740402000376CDA = {
						CreatedOnToolsVersion = 13.1;
						TestTargetID = 6A74C8BD2740401F00376CDA;
					};
				};
			};
			buildConfigurationList = 6A74C8B92740401F00376CDA /* Build configuration list for PBXProject "iMovies" */;
			compatibilityVersion = "Xcode 13.0";
			developmentRegion = en;
			hasScannedForEncodings = 0;
			knownRegions = (
				en,
				Base,
			);
			mainGroup = 6A74C8B52740401F00376CDA;
			productRefGroup = 6A74C8BF2740401F00376CDA /* Products */;
			projectDirPath = "";
			projectRoot = "";
			targets = (
				6A74C8BD2740401F00376CDA /* iMovies */,
				6A74C8D32740402000376CDA /* iMoviesTests */,
				6A74C8DD2740402000376CDA /* iMoviesUITests */,
			);
		};
/* End PBXProject section */

/* Begin PBXResourcesBuildPhase section */
		6A74C8BC2740401F00376CDA /* Resources */ = {
			isa = PBXResourcesBuildPhase;
			buildActionMask = 2147483647;
			files = (
				6A74C8CE2740402000376CDA /* LaunchScreen.storyboard in Resources */,
				6A74C8FB2740429300376CDA /* HomeView.xib in Resources */,
				6A74C8CB2740402000376CDA /* Assets.xcassets in Resources */,
			);
			runOnlyForDeploymentPostprocessing = 0;
		};
		6A74C8D22740402000376CDA /* Resources */ = {
			isa = PBXResourcesBuildPhase;
			buildActionMask = 2147483647;
			files = (
			);
			runOnlyForDeploymentPostprocessing = 0;
		};
		6A74C8DC2740402000376CDA /* Resources */ = {
			isa = PBXResourcesBuildPhase;
			buildActionMask = 2147483647;
			files = (
			);
			runOnlyForDeploymentPostprocessing = 0;
		};
/* End PBXResourcesBuildPhase section */

/* Begin PBXShellScriptBuildPhase section */
		774886E5CB8F913244A44B43 /* [CP] Check Pods Manifest.lock */ = {
			isa = PBXShellScriptBuildPhase;
			buildActionMask = 2147483647;
			files = (
			);
			inputFileListPaths = (
			);
			inputPaths = (
				"${PODS_PODFILE_DIR_PATH}/Podfile.lock",
				"${PODS_ROOT}/Manifest.lock",
			);
			name = "[CP] Check Pods Manifest.lock";
			outputFileListPaths = (
			);
			outputPaths = (
				"$(DERIVED_FILE_DIR)/Pods-iMovies-checkManifestLockResult.txt",
			);
			runOnlyForDeploymentPostprocessing = 0;
			shellPath = /bin/sh;
			shellScript = "diff \"${PODS_PODFILE_DIR_PATH}/Podfile.lock\" \"${PODS_ROOT}/Manifest.lock\" > /dev/null\nif [ $? != 0 ] ; then\n    # print error to STDERR\n    echo \"error: The sandbox is not in sync with the Podfile.lock. Run 'pod install' or update your CocoaPods installation.\" >&2\n    exit 1\nfi\n# This output is used by Xcode 'outputs' to avoid re-running this script phase.\necho \"SUCCESS\" > \"${SCRIPT_OUTPUT_FILE_0}\"\n";
			showEnvVarsInLog = 0;
		};
		8D64D93F103F6E1E0428C25E /* [CP] Embed Pods Frameworks */ = {
			isa = PBXShellScriptBuildPhase;
			buildActionMask = 2147483647;
			files = (
			);
			inputFileListPaths = (
				"${PODS_ROOT}/Target Support Files/Pods-iMovies-iMoviesUITests/Pods-iMovies-iMoviesUITests-frameworks-${CONFIGURATION}-input-files.xcfilelist",
			);
			name = "[CP] Embed Pods Frameworks";
			outputFileListPaths = (
				"${PODS_ROOT}/Target Support Files/Pods-iMovies-iMoviesUITests/Pods-iMovies-iMoviesUITests-frameworks-${CONFIGURATION}-output-files.xcfilelist",
			);
			runOnlyForDeploymentPostprocessing = 0;
			shellPath = /bin/sh;
			shellScript = "\"${PODS_ROOT}/Target Support Files/Pods-iMovies-iMoviesUITests/Pods-iMovies-iMoviesUITests-frameworks.sh\"\n";
			showEnvVarsInLog = 0;
		};
		8ECF501B1C9B5F41C8FB9F87 /* [CP] Embed Pods Frameworks */ = {
			isa = PBXShellScriptBuildPhase;
			buildActionMask = 2147483647;
			files = (
			);
			inputFileListPaths = (
				"${PODS_ROOT}/Target Support Files/Pods-iMovies/Pods-iMovies-frameworks-${CONFIGURATION}-input-files.xcfilelist",
			);
			name = "[CP] Embed Pods Frameworks";
			outputFileListPaths = (
				"${PODS_ROOT}/Target Support Files/Pods-iMovies/Pods-iMovies-frameworks-${CONFIGURATION}-output-files.xcfilelist",
			);
			runOnlyForDeploymentPostprocessing = 0;
			shellPath = /bin/sh;
			shellScript = "\"${PODS_ROOT}/Target Support Files/Pods-iMovies/Pods-iMovies-frameworks.sh\"\n";
			showEnvVarsInLog = 0;
		};
		A116C78AB56376CEAC0FA61C /* [CP] Check Pods Manifest.lock */ = {
			isa = PBXShellScriptBuildPhase;
			buildActionMask = 2147483647;
			files = (
			);
			inputFileListPaths = (
			);
			inputPaths = (
				"${PODS_PODFILE_DIR_PATH}/Podfile.lock",
				"${PODS_ROOT}/Manifest.lock",
			);
			name = "[CP] Check Pods Manifest.lock";
			outputFileListPaths = (
			);
			outputPaths = (
				"$(DERIVED_FILE_DIR)/Pods-iMoviesTests-checkManifestLockResult.txt",
			);
			runOnlyForDeploymentPostprocessing = 0;
			shellPath = /bin/sh;
			shellScript = "diff \"${PODS_PODFILE_DIR_PATH}/Podfile.lock\" \"${PODS_ROOT}/Manifest.lock\" > /dev/null\nif [ $? != 0 ] ; then\n    # print error to STDERR\n    echo \"error: The sandbox is not in sync with the Podfile.lock. Run 'pod install' or update your CocoaPods installation.\" >&2\n    exit 1\nfi\n# This output is used by Xcode 'outputs' to avoid re-running this script phase.\necho \"SUCCESS\" > \"${SCRIPT_OUTPUT_FILE_0}\"\n";
			showEnvVarsInLog = 0;
		};
		FF781049E01A258DAA555200 /* [CP] Check Pods Manifest.lock */ = {
			isa = PBXShellScriptBuildPhase;
			buildActionMask = 2147483647;
			files = (
			);
			inputFileListPaths = (
			);
			inputPaths = (
				"${PODS_PODFILE_DIR_PATH}/Podfile.lock",
				"${PODS_ROOT}/Manifest.lock",
			);
			name = "[CP] Check Pods Manifest.lock";
			outputFileListPaths = (
			);
			outputPaths = (
				"$(DERIVED_FILE_DIR)/Pods-iMovies-iMoviesUITests-checkManifestLockResult.txt",
			);
			runOnlyForDeploymentPostprocessing = 0;
			shellPath = /bin/sh;
			shellScript = "diff \"${PODS_PODFILE_DIR_PATH}/Podfile.lock\" \"${PODS_ROOT}/Manifest.lock\" > /dev/null\nif [ $? != 0 ] ; then\n    # print error to STDERR\n    echo \"error: The sandbox is not in sync with the Podfile.lock. Run 'pod install' or update your CocoaPods installation.\" >&2\n    exit 1\nfi\n# This output is used by Xcode 'outputs' to avoid re-running this script phase.\necho \"SUCCESS\" > \"${SCRIPT_OUTPUT_FILE_0}\"\n";
			showEnvVarsInLog = 0;
		};
/* End PBXShellScriptBuildPhase section */

/* Begin PBXSourcesBuildPhase section */
		6A74C8BA2740401F00376CDA /* Sources */ = {
			isa = PBXSourcesBuildPhase;
			buildActionMask = 2147483647;
			files = (
				6A9D2D83274050C100A6E09A /* Movie.swift in Sources */,
				6A74C8FA2740429300376CDA /* HomeView.swift in Sources */,
				6A9D2D882740518300A6E09A /* Utils.swift in Sources */,
				6A74C8FE2740431500376CDA /* HomeRouter.swift in Sources */,
				6A9D2D812740508C00A6E09A /* MovieServiceProtocol.swift in Sources */,
				6A74C8C22740401F00376CDA /* AppDelegate.swift in Sources */,
				6A74C9022740448000376CDA /* HomeViewModel.swift in Sources */,
				6A9D2D852740512100A6E09A /* MovieService.swift in Sources */,
				6A74C8C42740401F00376CDA /* SceneDelegate.swift in Sources */,
			);
			runOnlyForDeploymentPostprocessing = 0;
		};
		6A74C8D02740402000376CDA /* Sources */ = {
			isa = PBXSourcesBuildPhase;
			buildActionMask = 2147483647;
			files = (
				6A74C8D92740402000376CDA /* iMoviesTests.swift in Sources */,
			);
			runOnlyForDeploymentPostprocessing = 0;
		};
		6A74C8DA2740402000376CDA /* Sources */ = {
			isa = PBXSourcesBuildPhase;
			buildActionMask = 2147483647;
			files = (
				6A74C8E32740402000376CDA /* iMoviesUITests.swift in Sources */,
				6A74C8E52740402000376CDA /* iMoviesUITestsLaunchTests.swift in Sources */,
			);
			runOnlyForDeploymentPostprocessing = 0;
		};
/* End PBXSourcesBuildPhase section */

/* Begin PBXTargetDependency section */
		6A74C8D62740402000376CDA /* PBXTargetDependency */ = {
			isa = PBXTargetDependency;
			target = 6A74C8BD2740401F00376CDA /* iMovies */;
			targetProxy = 6A74C8D52740402000376CDA /* PBXContainerItemProxy */;
		};
		6A74C8E02740402000376CDA /* PBXTargetDependency */ = {
			isa = PBXTargetDependency;
			target = 6A74C8BD2740401F00376CDA /* iMovies */;
			targetProxy = 6A74C8DF2740402000376CDA /* PBXContainerItemProxy */;
		};
/* End PBXTargetDependency section */

/* Begin PBXVariantGroup section */
		6A74C8CC2740402000376CDA /* LaunchScreen.storyboard */ = {
			isa = PBXVariantGroup;
			children = (
				6A74C8CD2740402000376CDA /* Base */,
			);
			name = LaunchScreen.storyboard;
			sourceTree = "<group>";
		};
/* End PBXVariantGroup section */

/* Begin XCBuildConfiguration section */
		6A74C8E62740402000376CDA /* Debug */ = {
			isa = XCBuildConfiguration;
			buildSettings = {
				ALWAYS_SEARCH_USER_PATHS = NO;
				CLANG_ANALYZER_NONNULL = YES;
				CLANG_ANALYZER_NUMBER_OBJECT_CONVERSION = YES_AGGRESSIVE;
				CLANG_CXX_LANGUAGE_STANDARD = "gnu++17";
				CLANG_CXX_LIBRARY = "libc++";
				CLANG_ENABLE_MODULES = YES;
				CLANG_ENABLE_OBJC_ARC = YES;
				CLANG_ENABLE_OBJC_WEAK = YES;
				CLANG_WARN_BLOCK_CAPTURE_AUTORELEASING = YES;
				CLANG_WARN_BOOL_CONVERSION = YES;
				CLANG_WARN_COMMA = YES;
				CLANG_WARN_CONSTANT_CONVERSION = YES;
				CLANG_WARN_DEPRECATED_OBJC_IMPLEMENTATIONS = YES;
				CLANG_WARN_DIRECT_OBJC_ISA_USAGE = YES_ERROR;
				CLANG_WARN_DOCUMENTATION_COMMENTS = YES;
				CLANG_WARN_EMPTY_BODY = YES;
				CLANG_WARN_ENUM_CONVERSION = YES;
				CLANG_WARN_INFINITE_RECURSION = YES;
				CLANG_WARN_INT_CONVERSION = YES;
				CLANG_WARN_NON_LITERAL_NULL_CONVERSION = YES;
				CLANG_WARN_OBJC_IMPLICIT_RETAIN_SELF = YES;
				CLANG_WARN_OBJC_LITERAL_CONVERSION = YES;
				CLANG_WARN_OBJC_ROOT_CLASS = YES_ERROR;
				CLANG_WARN_QUOTED_INCLUDE_IN_FRAMEWORK_HEADER = YES;
				CLANG_WARN_RANGE_LOOP_ANALYSIS = YES;
				CLANG_WARN_STRICT_PROTOTYPES = YES;
				CLANG_WARN_SUSPICIOUS_MOVE = YES;
				CLANG_WARN_UNGUARDED_AVAILABILITY = YES_AGGRESSIVE;
				CLANG_WARN_UNREACHABLE_CODE = YES;
				CLANG_WARN__DUPLICATE_METHOD_MATCH = YES;
				COPY_PHASE_STRIP = NO;
				DEBUG_INFORMATION_FORMAT = dwarf;
				ENABLE_STRICT_OBJC_MSGSEND = YES;
				ENABLE_TESTABILITY = YES;
				GCC_C_LANGUAGE_STANDARD = gnu11;
				GCC_DYNAMIC_NO_PIC = NO;
				GCC_NO_COMMON_BLOCKS = YES;
				GCC_OPTIMIZATION_LEVEL = 0;
				GCC_PREPROCESSOR_DEFINITIONS = (
					"DEBUG=1",
					"$(inherited)",
				);
				GCC_WARN_64_TO_32_BIT_CONVERSION = YES;
				GCC_WARN_ABOUT_RETURN_TYPE = YES_ERROR;
				GCC_WARN_UNDECLARED_SELECTOR = YES;
				GCC_WARN_UNINITIALIZED_AUTOS = YES_AGGRESSIVE;
				GCC_WARN_UNUSED_FUNCTION = YES;
				GCC_WARN_UNUSED_VARIABLE = YES;
				IPHONEOS_DEPLOYMENT_TARGET = 15.0;
				MTL_ENABLE_DEBUG_INFO = INCLUDE_SOURCE;
				MTL_FAST_MATH = YES;
				ONLY_ACTIVE_ARCH = YES;
				SDKROOT = iphoneos;
				SWIFT_ACTIVE_COMPILATION_CONDITIONS = DEBUG;
				SWIFT_OPTIMIZATION_LEVEL = "-Onone";
			};
			name = Debug;
		};
		6A74C8E72740402000376CDA /* Release */ = {
			isa = XCBuildConfiguration;
			buildSettings = {
				ALWAYS_SEARCH_USER_PATHS = NO;
				CLANG_ANALYZER_NONNULL = YES;
				CLANG_ANALYZER_NUMBER_OBJECT_CONVERSION = YES_AGGRESSIVE;
				CLANG_CXX_LANGUAGE_STANDARD = "gnu++17";
				CLANG_CXX_LIBRARY = "libc++";
				CLANG_ENABLE_MODULES = YES;
				CLANG_ENABLE_OBJC_ARC = YES;
				CLANG_ENABLE_OBJC_WEAK = YES;
				CLANG_WARN_BLOCK_CAPTURE_AUTORELEASING = YES;
				CLANG_WARN_BOOL_CONVERSION = YES;
				CLANG_WARN_COMMA = YES;
				CLANG_WARN_CONSTANT_CONVERSION = YES;
				CLANG_WARN_DEPRECATED_OBJC_IMPLEMENTATIONS = YES;
				CLANG_WARN_DIRECT_OBJC_ISA_USAGE = YES_ERROR;
				CLANG_WARN_DOCUMENTATION_COMMENTS = YES;
				CLANG_WARN_EMPTY_BODY = YES;
				CLANG_WARN_ENUM_CONVERSION = YES;
				CLANG_WARN_INFINITE_RECURSION = YES;
				CLANG_WARN_INT_CONVERSION = YES;
				CLANG_WARN_NON_LITERAL_NULL_CONVERSION = YES;
				CLANG_WARN_OBJC_IMPLICIT_RETAIN_SELF = YES;
				CLANG_WARN_OBJC_LITERAL_CONVERSION = YES;
				CLANG_WARN_OBJC_ROOT_CLASS = YES_ERROR;
				CLANG_WARN_QUOTED_INCLUDE_IN_FRAMEWORK_HEADER = YES;
				CLANG_WARN_RANGE_LOOP_ANALYSIS = YES;
				CLANG_WARN_STRICT_PROTOTYPES = YES;
				CLANG_WARN_SUSPICIOUS_MOVE = YES;
				CLANG_WARN_UNGUARDED_AVAILABILITY = YES_AGGRESSIVE;
				CLANG_WARN_UNREACHABLE_CODE = YES;
				CLANG_WARN__DUPLICATE_METHOD_MATCH = YES;
				COPY_PHASE_STRIP = NO;
				DEBUG_INFORMATION_FORMAT = "dwarf-with-dsym";
				ENABLE_NS_ASSERTIONS = NO;
				ENABLE_STRICT_OBJC_MSGSEND = YES;
				GCC_C_LANGUAGE_STANDARD = gnu11;
				GCC_NO_COMMON_BLOCKS = YES;
				GCC_WARN_64_TO_32_BIT_CONVERSION = YES;
				GCC_WARN_ABOUT_RETURN_TYPE = YES_ERROR;
				GCC_WARN_UNDECLARED_SELECTOR = YES;
				GCC_WARN_UNINITIALIZED_AUTOS = YES_AGGRESSIVE;
				GCC_WARN_UNUSED_FUNCTION = YES;
				GCC_WARN_UNUSED_VARIABLE = YES;
				IPHONEOS_DEPLOYMENT_TARGET = 15.0;
				MTL_ENABLE_DEBUG_INFO = NO;
				MTL_FAST_MATH = YES;
				SDKROOT = iphoneos;
				SWIFT_COMPILATION_MODE = wholemodule;
				SWIFT_OPTIMIZATION_LEVEL = "-O";
				VALIDATE_PRODUCT = YES;
			};
			name = Release;
		};
		6A74C8E92740402000376CDA /* Debug */ = {
			isa = XCBuildConfiguration;
			baseConfigurationReference = 6B58B272317DDD29B08334D1 /* Pods-iMovies.debug.xcconfig */;
			buildSettings = {
				ASSETCATALOG_COMPILER_APPICON_NAME = AppIcon;
				ASSETCATALOG_COMPILER_GLOBAL_ACCENT_COLOR_NAME = AccentColor;
				CODE_SIGN_STYLE = Automatic;
				CURRENT_PROJECT_VERSION = 1;
				DEVELOPMENT_TEAM = 73V22638MH;
				GENERATE_INFOPLIST_FILE = YES;
				INFOPLIST_FILE = iMovies/Info.plist;
				INFOPLIST_KEY_UIApplicationSupportsIndirectInputEvents = YES;
				INFOPLIST_KEY_UILaunchStoryboardName = LaunchScreen;
				INFOPLIST_KEY_UISupportedInterfaceOrientations_iPad = "UIInterfaceOrientationPortrait UIInterfaceOrientationPortraitUpsideDown UIInterfaceOrientationLandscapeLeft UIInterfaceOrientationLandscapeRight";
				INFOPLIST_KEY_UISupportedInterfaceOrientations_iPhone = "UIInterfaceOrientationPortrait UIInterfaceOrientationLandscapeLeft UIInterfaceOrientationLandscapeRight";
				LD_RUNPATH_SEARCH_PATHS = (
					"$(inherited)",
					"@executable_path/Frameworks",
				);
				MARKETING_VERSION = 1.0;
				PRODUCT_BUNDLE_IDENTIFIER = todosVuelan.iMovies;
				PRODUCT_NAME = "$(TARGET_NAME)";
				SWIFT_EMIT_LOC_STRINGS = YES;
				SWIFT_VERSION = 5.0;
				TARGETED_DEVICE_FAMILY = "1,2";
			};
			name = Debug;
		};
		6A74C8EA2740402000376CDA /* Release */ = {
			isa = XCBuildConfiguration;
			baseConfigurationReference = 635B680A81E85ECAA15CB09A /* Pods-iMovies.release.xcconfig */;
			buildSettings = {
				ASSETCATALOG_COMPILER_APPICON_NAME = AppIcon;
				ASSETCATALOG_COMPILER_GLOBAL_ACCENT_COLOR_NAME = AccentColor;
				CODE_SIGN_STYLE = Automatic;
				CURRENT_PROJECT_VERSION = 1;
				DEVELOPMENT_TEAM = 73V22638MH;
				GENERATE_INFOPLIST_FILE = YES;
				INFOPLIST_FILE = iMovies/Info.plist;
				INFOPLIST_KEY_UIApplicationSupportsIndirectInputEvents = YES;
				INFOPLIST_KEY_UILaunchStoryboardName = LaunchScreen;
				INFOPLIST_KEY_UISupportedInterfaceOrientations_iPad = "UIInterfaceOrientationPortrait UIInterfaceOrientationPortraitUpsideDown UIInterfaceOrientationLandscapeLeft UIInterfaceOrientationLandscapeRight";
				INFOPLIST_KEY_UISupportedInterfaceOrientations_iPhone = "UIInterfaceOrientationPortrait UIInterfaceOrientationLandscapeLeft UIInterfaceOrientationLandscapeRight";
				LD_RUNPATH_SEARCH_PATHS = (
					"$(inherited)",
					"@executable_path/Frameworks",
				);
				MARKETING_VERSION = 1.0;
				PRODUCT_BUNDLE_IDENTIFIER = todosVuelan.iMovies;
				PRODUCT_NAME = "$(TARGET_NAME)";
				SWIFT_EMIT_LOC_STRINGS = YES;
				SWIFT_VERSION = 5.0;
				TARGETED_DEVICE_FAMILY = "1,2";
			};
			name = Release;
		};
		6A74C8EC2740402000376CDA /* Debug */ = {
			isa = XCBuildConfiguration;
			baseConfigurationReference = BC56969CEBCCC57268C7DA9B /* Pods-iMoviesTests.debug.xcconfig */;
			buildSettings = {
				ALWAYS_EMBED_SWIFT_STANDARD_LIBRARIES = YES;
				BUNDLE_LOADER = "$(TEST_HOST)";
				CODE_SIGN_STYLE = Automatic;
				CURRENT_PROJECT_VERSION = 1;
				DEVELOPMENT_TEAM = 73V22638MH;
				GENERATE_INFOPLIST_FILE = YES;
				IPHONEOS_DEPLOYMENT_TARGET = 15.0;
				LD_RUNPATH_SEARCH_PATHS = (
					"$(inherited)",
					"@executable_path/Frameworks",
					"@loader_path/Frameworks",
				);
				MARKETING_VERSION = 1.0;
				PRODUCT_BUNDLE_IDENTIFIER = todosVuelan.iMoviesTests;
				PRODUCT_NAME = "$(TARGET_NAME)";
				SWIFT_EMIT_LOC_STRINGS = NO;
				SWIFT_VERSION = 5.0;
				TARGETED_DEVICE_FAMILY = "1,2";
				TEST_HOST = "$(BUILT_PRODUCTS_DIR)/iMovies.app/iMovies";
			};
			name = Debug;
		};
		6A74C8ED2740402000376CDA /* Release */ = {
			isa = XCBuildConfiguration;
			baseConfigurationReference = 52447EF268C697575307615A /* Pods-iMoviesTests.release.xcconfig */;
			buildSettings = {
				ALWAYS_EMBED_SWIFT_STANDARD_LIBRARIES = YES;
				BUNDLE_LOADER = "$(TEST_HOST)";
				CODE_SIGN_STYLE = Automatic;
				CURRENT_PROJECT_VERSION = 1;
				DEVELOPMENT_TEAM = 73V22638MH;
				GENERATE_INFOPLIST_FILE = YES;
				IPHONEOS_DEPLOYMENT_TARGET = 15.0;
				LD_RUNPATH_SEARCH_PATHS = (
					"$(inherited)",
					"@executable_path/Frameworks",
					"@loader_path/Frameworks",
				);
				MARKETING_VERSION = 1.0;
				PRODUCT_BUNDLE_IDENTIFIER = todosVuelan.iMoviesTests;
				PRODUCT_NAME = "$(TARGET_NAME)";
				SWIFT_EMIT_LOC_STRINGS = NO;
				SWIFT_VERSION = 5.0;
				TARGETED_DEVICE_FAMILY = "1,2";
				TEST_HOST = "$(BUILT_PRODUCTS_DIR)/iMovies.app/iMovies";
			};
			name = Release;
		};
		6A74C8EF2740402000376CDA /* Debug */ = {
			isa = XCBuildConfiguration;
			baseConfigurationReference = AE19E05F34F61E36C0A5D6C2 /* Pods-iMovies-iMoviesUITests.debug.xcconfig */;
			buildSettings = {
				ALWAYS_EMBED_SWIFT_STANDARD_LIBRARIES = YES;
				CODE_SIGN_STYLE = Automatic;
				CURRENT_PROJECT_VERSION = 1;
				DEVELOPMENT_TEAM = 73V22638MH;
				GENERATE_INFOPLIST_FILE = YES;
				LD_RUNPATH_SEARCH_PATHS = (
					"$(inherited)",
					"@executable_path/Frameworks",
					"@loader_path/Frameworks",
				);
				MARKETING_VERSION = 1.0;
				PRODUCT_BUNDLE_IDENTIFIER = todosVuelan.iMoviesUITests;
				PRODUCT_NAME = "$(TARGET_NAME)";
				SWIFT_EMIT_LOC_STRINGS = NO;
				SWIFT_VERSION = 5.0;
				TARGETED_DEVICE_FAMILY = "1,2";
				TEST_TARGET_NAME = iMovies;
			};
			name = Debug;
		};
		6A74C8F02740402000376CDA /* Release */ = {
			isa = XCBuildConfiguration;
			baseConfigurationReference = E1A12D6C1E22C771F4852A92 /* Pods-iMovies-iMoviesUITests.release.xcconfig */;
			buildSettings = {
				ALWAYS_EMBED_SWIFT_STANDARD_LIBRARIES = YES;
				CODE_SIGN_STYLE = Automatic;
				CURRENT_PROJECT_VERSION = 1;
				DEVELOPMENT_TEAM = 73V22638MH;
				GENERATE_INFOPLIST_FILE = YES;
				LD_RUNPATH_SEARCH_PATHS = (
					"$(inherited)",
					"@executable_path/Frameworks",
					"@loader_path/Frameworks",
				);
				MARKETING_VERSION = 1.0;
				PRODUCT_BUNDLE_IDENTIFIER = todosVuelan.iMoviesUITests;
				PRODUCT_NAME = "$(TARGET_NAME)";
				SWIFT_EMIT_LOC_STRINGS = NO;
				SWIFT_VERSION = 5.0;
				TARGETED_DEVICE_FAMILY = "1,2";
				TEST_TARGET_NAME = iMovies;
			};
			name = Release;
		};
/* End XCBuildConfiguration section */

/* Begin XCConfigurationList section */
		6A74C8B92740401F00376CDA /* Build configuration list for PBXProject "iMovies" */ = {
			isa = XCConfigurationList;
			buildConfigurations = (
				6A74C8E62740402000376CDA /* Debug */,
				6A74C8E72740402000376CDA /* Release */,
			);
			defaultConfigurationIsVisible = 0;
			defaultConfigurationName = Release;
		};
		6A74C8E82740402000376CDA /* Build configuration list for PBXNativeTarget "iMovies" */ = {
			isa = XCConfigurationList;
			buildConfigurations = (
				6A74C8E92740402000376CDA /* Debug */,
				6A74C8EA2740402000376CDA /* Release */,
			);
			defaultConfigurationIsVisible = 0;
			defaultConfigurationName = Release;
		};
		6A74C8EB2740402000376CDA /* Build configuration list for PBXNativeTarget "iMoviesTests" */ = {
			isa = XCConfigurationList;
			buildConfigurations = (
				6A74C8EC2740402000376CDA /* Debug */,
				6A74C8ED2740402000376CDA /* Release */,
			);
			defaultConfigurationIsVisible = 0;
			defaultConfigurationName = Release;
		};
		6A74C8EE2740402000376CDA /* Build configuration list for PBXNativeTarget "iMoviesUITests" */ = {
			isa = XCConfigurationList;
			buildConfigurations = (
				6A74C8EF2740402000376CDA /* Debug */,
				6A74C8F02740402000376CDA /* Release */,
			);
			defaultConfigurationIsVisible = 0;
			defaultConfigurationName = Release;
		};
/* End XCConfigurationList section */
	};
	rootObject = 6A74C8B62740401F00376CDA /* Project object */;
}
